
Microsoft Visual Studio Solution File, Format Version 12.00
# Visual Studio Version 16
VisualStudioVersion = 25.0.1700.0
MinimumVisualStudioVersion = 10.0.40219.1
Project("{FAE04EC0-301F-11D3-BF4B-00C04F79EFBC}") = "StockAnalysisTool", "StockAnalysisTool\StockAnalysisTool.csproj", "{A295BC63-2611-4D40-BE2D-2E4DE7DE7527}"
EndProject
Global
	GlobalSection(SolutionConfigurationPlatforms) = preSolution
		Debug|Any CPU = Debug|Any CPU
		Release|Any CPU = Release|Any CPU
	EndGlobalSection
	GlobalSection(ProjectConfigurationPlatforms) = postSolution
		{A295BC63-2611-4D40-BE2D-2E4DE7DE7527}.Debug|Any CPU.ActiveCfg = Debug|Any CPU
		{A295BC63-2611-4D40-BE2D-2E4DE7DE7527}.Debug|Any CPU.Build.0 = Debug|Any CPU
		{A295BC63-2611-4D40-BE2D-2E4DE7DE7527}.Release|Any CPU.ActiveCfg = Release|Any CPU
		{A295BC63-2611-4D40-BE2D-2E4DE7DE7527}.Release|Any CPU.Build.0 = Release|Any CPU
	EndGlobalSection
	GlobalSection(SolutionProperties) = preSolution
		HideSolutionNode = FALSE
	EndGlobalSection
	GlobalSection(ExtensibilityGlobals) = postSolution
		SolutionGuid = {1AF15EFB-BF03-407E-8EFB-AC1058EBD75C}
	EndGlobalSection
EndGlobal
